
Microsoft Visual Studio Solution File, Format Version 12.00
# Visual Studio Version 17
VisualStudioVersion = 17.11.35219.272
MinimumVisualStudioVersion = 10.0.40219.1
Project("{FAE04EC0-301F-11D3-BF4B-00C04F79EFBC}") = "Teach_Award", "Teach_Award.csproj", "{97D02074-AE56-4038-A31B-A69AF7CD64B2}"
EndProject
Global
	GlobalSection(SolutionConfigurationPlatforms) = preSolution
		Debug|Any CPU = Debug|Any CPU
		Release|Any CPU = Release|Any CPU
	EndGlobalSection
	GlobalSection(ProjectConfigurationPlatforms) = postSolution
		{97D02074-AE56-4038-A31B-A69AF7CD64B2}.Debug|Any CPU.ActiveCfg = Debug|Any CPU
		{97D02074-AE56-4038-A31B-A69AF7CD64B2}.Debug|Any CPU.Build.0 = Debug|Any CPU
		{97D02074-AE56-4038-A31B-A69AF7CD64B2}.Release|Any CPU.ActiveCfg = Release|Any CPU
		{97D02074-AE56-4038-A31B-A69AF7CD64B2}.Release|Any CPU.Build.0 = Release|Any CPU
	EndGlobalSection
	GlobalSection(SolutionProperties) = preSolution
		HideSolutionNode = FALSE
	EndGlobalSection
	GlobalSection(ExtensibilityGlobals) = postSolution
		SolutionGuid = {DA927FD8-E77A-4F77-9282-F7CA6EC25585}
	EndGlobalSection
EndGlobal
